{
	"name": "sandbox.bio-cloudflare-worker",
	"requires": true,
	"lockfileVersion": 1,
	"dependencies": {
		"@cloudflare/kv-asset-handler": {
			"version": "0.0.9",
			"resolved": "https://registry.npmjs.org/@cloudflare/kv-asset-handler/-/kv-asset-handler-0.0.9.tgz",
			"integrity": "sha512-OP+uwr+5VShB9ktzJvkwy1AibGaTV7EoHs/YMemUY56fgnqI+IlV++e4T6cTUfHDAfE/pdXMx7q4zMf90dU00Q==",
			"requires": {
				"@types/mime": "^2.0.1",
				"mime": "^2.4.4"
			}
		},
		"@types/mime": {
			"version": "2.0.3",
			"resolved": "https://registry.npmjs.org/@types/mime/-/mime-2.0.3.tgz",
			"integrity": "sha512-Jus9s4CDbqwocc5pOAnh8ShfrnMcPHuJYzVcSUU7lrh8Ni5HuIqX3oilL86p3dlTrk0LzHRCgA/GQ7uNCw6l2Q=="
		},
		"itty-router": {
			"version": "2.4.2",
			"resolved": "https://registry.npmjs.org/itty-router/-/itty-router-2.4.2.tgz",
			"integrity": "sha512-VCJPoGKYrCoFSGQ9kko5prt66SHVppde498kj9XkMuZVrLCaG6xSIMIz/qaqW/mWk34BJPYGzhvWMf6l8g/CnA=="
		},
		"mime": {
			"version": "2.5.2",
			"resolved": "https://registry.npmjs.org/mime/-/mime-2.5.2.tgz",
			"integrity": "sha512-tqkh47FzKeCPD2PUiPB6pkbMzsCasjxAfC62/Wap5qrUWcb+sFasXUC5I3gYM5iBM8v/Qpn4UK0x+j0iHyFPDg=="
		}
	}
}
